Microsoft Visual Studio Solution File, Format Version 12.00
# Visual Studio 14
VisualStudioVersion = 14.0.25420.1
MinimumVisualStudioVersion = 10.0.40219.1
Project("{FAE04EC0-301F-11D3-BF4B-00C04F79EFBC}") = "AlexaSkillsKit.Lib", "AlexaSkillsKit.Lib\AlexaSkillsKit.Lib.csproj", "{0EC882A8-AACA-4BD5-B449-72F20FDB8586}"
EndProject
Project("{FAE04EC0-301F-11D3-BF4B-00C04F79EFBC}") = "AlexaSkillsKit.Sample", "AlexaSkillsKit.Sample\AlexaSkillsKit.Sample.csproj", "{9FDEF793-5832-4D37-B0D5-62C55AB1C12E}"
EndProject
Project("{2150E333-8FDC-42A3-9474-1A3956D46DE8}") = ".nuget", ".nuget", "{D35AD75F-7926-41CB-8C8D-BB36370F3E76}"
	ProjectSection(SolutionItems) = preProject
		.nuget\AlexaSkillsKit.Lib.nuspec = .nuget\AlexaSkillsKit.Lib.nuspec
		GCop.json = GCop.json
		.nuget\NuGet.Config = .nuget\NuGet.Config
		.nuget\NuGet.targets = .nuget\NuGet.targets
	EndProjectSection
EndProject
Project("{FAE04EC0-301F-11D3-BF4B-00C04F79EFBC}") = "AlexaSkillsKit.Tests", "AlexaSkillsKit.Tests\AlexaSkillsKit.Tests.csproj", "{D0125A95-FD63-4A33-9220-206D4A1A14F0}"
EndProject
Project("{FAE04EC0-301F-11D3-BF4B-00C04F79EFBC}") = "HAB", "F:\Designer\Trunk\HAB\HAB.csproj", "{2CDD4836-1AC7-47C8-B878-5AF7EA721B2B}"
EndProject
Project("{FAE04EC0-301F-11D3-BF4B-00C04F79EFBC}") = "Tokenizer", "F:\Designer\Trunk\Tokenizer\Tokenizer.csproj", "{47E9938B-7C5D-48DD-A896-CBB4EF9CE913}"
EndProject
Project("{FAE04EC0-301F-11D3-BF4B-00C04F79EFBC}") = "WordNetSin", "F:\Designer\Trunk\WordNetSin\WordNetSin.csproj", "{B88AABCC-F255-4518-9E82-E51FF64C8E0D}"
EndProject
Project("{FAE04EC0-301F-11D3-BF4B-00C04F79EFBC}") = "Designer", "F:\Designer\Trunk\Designer\Designer.csproj", "{AAF10B91-98FA-46C0-BB4A-E4018001D3EE}"
EndProject
Project("{FAE04EC0-301F-11D3-BF4B-00C04F79EFBC}") = "CharacterEngine", "F:\Designer\Trunk\CharacterEngine\CharacterEngine.csproj", "{C944651B-300A-41A2-B76D-DF305E0E2937}"
EndProject
Project("{FAE04EC0-301F-11D3-BF4B-00C04F79EFBC}") = "Characters", "F:\Designer\Trunk\Characters\Characters.csproj", "{27E6A73D-BA6B-4DF5-B93A-010D6FD83157}"
EndProject
Project("{FAE04EC0-301F-11D3-BF4B-00C04F79EFBC}") = "CmdShell", "F:\Designer\Trunk\CmdShell\CmdShell.csproj", "{8FA7FD26-5535-4573-A273-258678C83DBC}"
EndProject
Project("{FAE04EC0-301F-11D3-BF4B-00C04F79EFBC}") = "CustomConduitSupport", "F:\Designer\Trunk\CustomImportSupport\CustomConduitSupport.csproj", "{3D466A01-0201-4158-95BA-7C51D2C3A8DC}"
EndProject
Project("{FAE04EC0-301F-11D3-BF4B-00C04F79EFBC}") = "QuerySupport", "F:\Designer\Trunk\QuerySupport\QuerySupport.csproj", "{0C610E2C-ECC2-4551-AC99-10192F08B85A}"
EndProject
Project("{FAE04EC0-301F-11D3-BF4B-00C04F79EFBC}") = "Parser", "F:\Designer\Trunk\NNLFrontEnd\Parser.csproj", "{C0BDE6FB-9270-42B9-AD14-6CC3C915D089}"
EndProject
Project("{FAE04EC0-301F-11D3-BF4B-00C04F79EFBC}") = "FrameNetProvider", "F:\Designer\Trunk\FrameNetSin\FrameNetProvider.csproj", "{F75AC765-2774-40F6-AA6B-EA538BD68055}"
EndProject
Project("{FAE04EC0-301F-11D3-BF4B-00C04F79EFBC}") = "Sensory Interfaces", "F:\Designer\Trunk\Lobes\Sensory Interfaces.csproj", "{941A6023-577E-498D-83F0-D0DDE573F8D3}"
EndProject
Project("{FAE04EC0-301F-11D3-BF4B-00C04F79EFBC}") = "VerbNetProvider", "F:\Designer\Trunk\VerbNetProvider\VerbNetProvider.csproj", "{D4BA0CF2-728B-4E7B-90AC-2D6A1124C93A}"
EndProject
Project("{F088123C-0E9E-452A-89E6-6BA2F21D5CAC}") = "ModelingProject1", "F:\Designer\Trunk\ModelingProject1\ModelingProject1.modelproj", "{3D0BBA78-D761-4BEE-AF0D-3EF9CA415D0D}"
EndProject
Project("{FAE04EC0-301F-11D3-BF4B-00C04F79EFBC}") = "BrainTest", "F:\Designer\Trunk\BrainTest\BrainTest.csproj", "{E1E1AF42-6899-422D-9201-32BEB3C377AE}"
EndProject
Project("{FAE04EC0-301F-11D3-BF4B-00C04F79EFBC}") = "IndexingTest", "F:\Designer\Trunk\IndexingTest\IndexingTest.csproj", "{EAE0D6EA-366D-45EA-9650-EA3943F345C7}"
EndProject
Project("{FAE04EC0-301F-11D3-BF4B-00C04F79EFBC}") = "MLTest", "F:\Designer\Trunk\MLTest\MLTest.csproj", "{92FC1240-72C9-4C1F-9805-BC8A5A233FD3}"
EndProject
Project("{FAE04EC0-301F-11D3-BF4B-00C04F79EFBC}") = "ML", "F:\Designer\Trunk\ML\ML.csproj", "{1CF95AF0-3CDD-4072-B1F6-059AA154B48C}"
EndProject
Project("{FAE04EC0-301F-11D3-BF4B-00C04F79EFBC}") = "Aici", "F:\Designer\Trunk\Hosts\mvc3\Aici\Aici.csproj", "{A9FBF87C-7126-473B-88FE-A8368A3D45D1}"
EndProject
Global
	GlobalSection(SolutionConfigurationPlatforms) = preSolution
		Debug basic|Any CPU = Debug basic|Any CPU
		Debug PRO|Any CPU = Debug PRO|Any CPU
		Debug|Any CPU = Debug|Any CPU
		Release Basic 32|Any CPU = Release Basic 32|Any CPU
		Release basic|Any CPU = Release basic|Any CPU
		Release PRO|Any CPU = Release PRO|Any CPU
		Release|Any CPU = Release|Any CPU
	EndGlobalSection
	GlobalSection(ProjectConfigurationPlatforms) = postSolution
		{0EC882A8-AACA-4BD5-B449-72F20FDB8586}.Debug basic|Any CPU.ActiveCfg = Debug|Any CPU
		{0EC882A8-AACA-4BD5-B449-72F20FDB8586}.Debug basic|Any CPU.Build.0 = Debug|Any CPU
		{0EC882A8-AACA-4BD5-B449-72F20FDB8586}.Debug PRO|Any CPU.ActiveCfg = Debug|Any CPU
		{0EC882A8-AACA-4BD5-B449-72F20FDB8586}.Debug PRO|Any CPU.Build.0 = Debug|Any CPU
		{0EC882A8-AACA-4BD5-B449-72F20FDB8586}.Debug|Any CPU.ActiveCfg = Debug|Any CPU
		{0EC882A8-AACA-4BD5-B449-72F20FDB8586}.Debug|Any CPU.Build.0 = Debug|Any CPU
		{0EC882A8-AACA-4BD5-B449-72F20FDB8586}.Release Basic 32|Any CPU.ActiveCfg = Release|Any CPU
		{0EC882A8-AACA-4BD5-B449-72F20FDB8586}.Release Basic 32|Any CPU.Build.0 = Release|Any CPU
		{0EC882A8-AACA-4BD5-B449-72F20FDB8586}.Release basic|Any CPU.ActiveCfg = Release|Any CPU
		{0EC882A8-AACA-4BD5-B449-72F20FDB8586}.Release basic|Any CPU.Build.0 = Release|Any CPU
		{0EC882A8-AACA-4BD5-B449-72F20FDB8586}.Release PRO|Any CPU.ActiveCfg = Release|Any CPU
		{0EC882A8-AACA-4BD5-B449-72F20FDB8586}.Release PRO|Any CPU.Build.0 = Release|Any CPU
		{0EC882A8-AACA-4BD5-B449-72F20FDB8586}.Release|Any CPU.ActiveCfg = Release|Any CPU
		{0EC882A8-AACA-4BD5-B449-72F20FDB8586}.Release|Any CPU.Build.0 = Release|Any CPU
		{9FDEF793-5832-4D37-B0D5-62C55AB1C12E}.Debug basic|Any CPU.ActiveCfg = Debug|Any CPU
		{9FDEF793-5832-4D37-B0D5-62C55AB1C12E}.Debug basic|Any CPU.Build.0 = Debug|Any CPU
		{9FDEF793-5832-4D37-B0D5-62C55AB1C12E}.Debug PRO|Any CPU.ActiveCfg = Debug|Any CPU
		{9FDEF793-5832-4D37-B0D5-62C55AB1C12E}.Debug PRO|Any CPU.Build.0 = Debug|Any CPU
		{9FDEF793-5832-4D37-B0D5-62C55AB1C12E}.Debug|Any CPU.ActiveCfg = Debug|Any CPU
		{9FDEF793-5832-4D37-B0D5-62C55AB1C12E}.Debug|Any CPU.Build.0 = Debug|Any CPU
		{9FDEF793-5832-4D37-B0D5-62C55AB1C12E}.Release Basic 32|Any CPU.ActiveCfg = Release|Any CPU
		{9FDEF793-5832-4D37-B0D5-62C55AB1C12E}.Release Basic 32|Any CPU.Build.0 = Release|Any CPU
		{9FDEF793-5832-4D37-B0D5-62C55AB1C12E}.Release basic|Any CPU.ActiveCfg = Release|Any CPU
		{9FDEF793-5832-4D37-B0D5-62C55AB1C12E}.Release basic|Any CPU.Build.0 = Release|Any CPU
		{9FDEF793-5832-4D37-B0D5-62C55AB1C12E}.Release PRO|Any CPU.ActiveCfg = Release|Any CPU
		{9FDEF793-5832-4D37-B0D5-62C55AB1C12E}.Release PRO|Any CPU.Build.0 = Release|Any CPU
		{9FDEF793-5832-4D37-B0D5-62C55AB1C12E}.Release|Any CPU.ActiveCfg = Release|Any CPU
		{9FDEF793-5832-4D37-B0D5-62C55AB1C12E}.Release|Any CPU.Build.0 = Release|Any CPU
		{D0125A95-FD63-4A33-9220-206D4A1A14F0}.Debug basic|Any CPU.ActiveCfg = Debug|Any CPU
		{D0125A95-FD63-4A33-9220-206D4A1A14F0}.Debug basic|Any CPU.Build.0 = Debug|Any CPU
		{D0125A95-FD63-4A33-9220-206D4A1A14F0}.Debug PRO|Any CPU.ActiveCfg = Debug|Any CPU
		{D0125A95-FD63-4A33-9220-206D4A1A14F0}.Debug PRO|Any CPU.Build.0 = Debug|Any CPU
		{D0125A95-FD63-4A33-9220-206D4A1A14F0}.Debug|Any CPU.ActiveCfg = Debug|Any CPU
		{D0125A95-FD63-4A33-9220-206D4A1A14F0}.Debug|Any CPU.Build.0 = Debug|Any CPU
		{D0125A95-FD63-4A33-9220-206D4A1A14F0}.Release Basic 32|Any CPU.ActiveCfg = Release|Any CPU
		{D0125A95-FD63-4A33-9220-206D4A1A14F0}.Release Basic 32|Any CPU.Build.0 = Release|Any CPU
		{D0125A95-FD63-4A33-9220-206D4A1A14F0}.Release basic|Any CPU.ActiveCfg = Release|Any CPU
		{D0125A95-FD63-4A33-9220-206D4A1A14F0}.Release basic|Any CPU.Build.0 = Release|Any CPU
		{D0125A95-FD63-4A33-9220-206D4A1A14F0}.Release PRO|Any CPU.ActiveCfg = Release|Any CPU
		{D0125A95-FD63-4A33-9220-206D4A1A14F0}.Release PRO|Any CPU.Build.0 = Release|Any CPU
		{D0125A95-FD63-4A33-9220-206D4A1A14F0}.Release|Any CPU.ActiveCfg = Release|Any CPU
		{D0125A95-FD63-4A33-9220-206D4A1A14F0}.Release|Any CPU.Build.0 = Release|Any CPU
		{2CDD4836-1AC7-47C8-B878-5AF7EA721B2B}.Debug basic|Any CPU.ActiveCfg = Debug basic|Any CPU
		{2CDD4836-1AC7-47C8-B878-5AF7EA721B2B}.Debug basic|Any CPU.Build.0 = Debug basic|Any CPU
		{2CDD4836-1AC7-47C8-B878-5AF7EA721B2B}.Debug PRO|Any CPU.ActiveCfg = Debug PRO|Any CPU
		{2CDD4836-1AC7-47C8-B878-5AF7EA721B2B}.Debug PRO|Any CPU.Build.0 = Debug PRO|Any CPU
		{2CDD4836-1AC7-47C8-B878-5AF7EA721B2B}.Debug|Any CPU.ActiveCfg = Debug|Any CPU
		{2CDD4836-1AC7-47C8-B878-5AF7EA721B2B}.Debug|Any CPU.Build.0 = Debug|Any CPU
		{2CDD4836-1AC7-47C8-B878-5AF7EA721B2B}.Release Basic 32|Any CPU.ActiveCfg = Release Basic 32|Any CPU
		{2CDD4836-1AC7-47C8-B878-5AF7EA721B2B}.Release Basic 32|Any CPU.Build.0 = Release Basic 32|Any CPU
		{2CDD4836-1AC7-47C8-B878-5AF7EA721B2B}.Release basic|Any CPU.ActiveCfg = Release basic|Any CPU
		{2CDD4836-1AC7-47C8-B878-5AF7EA721B2B}.Release basic|Any CPU.Build.0 = Release basic|Any CPU
		{2CDD4836-1AC7-47C8-B878-5AF7EA721B2B}.Release PRO|Any CPU.ActiveCfg = Release PRO|Any CPU
		{2CDD4836-1AC7-47C8-B878-5AF7EA721B2B}.Release PRO|Any CPU.Build.0 = Release PRO|Any CPU
		{2CDD4836-1AC7-47C8-B878-5AF7EA721B2B}.Release|Any CPU.ActiveCfg = Release|Any CPU
		{2CDD4836-1AC7-47C8-B878-5AF7EA721B2B}.Release|Any CPU.Build.0 = Release|Any CPU
		{47E9938B-7C5D-48DD-A896-CBB4EF9CE913}.Debug basic|Any CPU.ActiveCfg = Debug|Any CPU
		{47E9938B-7C5D-48DD-A896-CBB4EF9CE913}.Debug basic|Any CPU.Build.0 = Debug|Any CPU
		{47E9938B-7C5D-48DD-A896-CBB4EF9CE913}.Debug PRO|Any CPU.ActiveCfg = Debug|Any CPU
		{47E9938B-7C5D-48DD-A896-CBB4EF9CE913}.Debug PRO|Any CPU.Build.0 = Debug|Any CPU
		{47E9938B-7C5D-48DD-A896-CBB4EF9CE913}.Debug|Any CPU.ActiveCfg = Debug|Any CPU
		{47E9938B-7C5D-48DD-A896-CBB4EF9CE913}.Debug|Any CPU.Build.0 = Debug|Any CPU
		{47E9938B-7C5D-48DD-A896-CBB4EF9CE913}.Release Basic 32|Any CPU.ActiveCfg = Release|Any CPU
		{47E9938B-7C5D-48DD-A896-CBB4EF9CE913}.Release Basic 32|Any CPU.Build.0 = Release|Any CPU
		{47E9938B-7C5D-48DD-A896-CBB4EF9CE913}.Release basic|Any CPU.ActiveCfg = Release|Any CPU
		{47E9938B-7C5D-48DD-A896-CBB4EF9CE913}.Release basic|Any CPU.Build.0 = Release|Any CPU
		{47E9938B-7C5D-48DD-A896-CBB4EF9CE913}.Release PRO|Any CPU.ActiveCfg = Release|Any CPU
		{47E9938B-7C5D-48DD-A896-CBB4EF9CE913}.Release PRO|Any CPU.Build.0 = Release|Any CPU
		{47E9938B-7C5D-48DD-A896-CBB4EF9CE913}.Release|Any CPU.ActiveCfg = Release|Any CPU
		{47E9938B-7C5D-48DD-A896-CBB4EF9CE913}.Release|Any CPU.Build.0 = Release|Any CPU
		{B88AABCC-F255-4518-9E82-E51FF64C8E0D}.Debug basic|Any CPU.ActiveCfg = Debug basic|Any CPU
		{B88AABCC-F255-4518-9E82-E51FF64C8E0D}.Debug basic|Any CPU.Build.0 = Debug basic|Any CPU
		{B88AABCC-F255-4518-9E82-E51FF64C8E0D}.Debug PRO|Any CPU.ActiveCfg = Debug PRO|Any CPU
		{B88AABCC-F255-4518-9E82-E51FF64C8E0D}.Debug PRO|Any CPU.Build.0 = Debug PRO|Any CPU
		{B88AABCC-F255-4518-9E82-E51FF64C8E0D}.Debug|Any CPU.ActiveCfg = Debug|Any CPU
		{B88AABCC-F255-4518-9E82-E51FF64C8E0D}.Debug|Any CPU.Build.0 = Debug|Any CPU
		{B88AABCC-F255-4518-9E82-E51FF64C8E0D}.Release Basic 32|Any CPU.ActiveCfg = Release Basic 32|Any CPU
		{B88AABCC-F255-4518-9E82-E51FF64C8E0D}.Release Basic 32|Any CPU.Build.0 = Release Basic 32|Any CPU
		{B88AABCC-F255-4518-9E82-E51FF64C8E0D}.Release basic|Any CPU.ActiveCfg = Release basic|Any CPU
		{B88AABCC-F255-4518-9E82-E51FF64C8E0D}.Release basic|Any CPU.Build.0 = Release basic|Any CPU
		{B88AABCC-F255-4518-9E82-E51FF64C8E0D}.Release PRO|Any CPU.ActiveCfg = Release PRO|Any CPU
		{B88AABCC-F255-4518-9E82-E51FF64C8E0D}.Release PRO|Any CPU.Build.0 = Release PRO|Any CPU
		{B88AABCC-F255-4518-9E82-E51FF64C8E0D}.Release|Any CPU.ActiveCfg = Release|Any CPU
		{B88AABCC-F255-4518-9E82-E51FF64C8E0D}.Release|Any CPU.Build.0 = Release|Any CPU
		{AAF10B91-98FA-46C0-BB4A-E4018001D3EE}.Debug basic|Any CPU.ActiveCfg = Debug basic|Any CPU
		{AAF10B91-98FA-46C0-BB4A-E4018001D3EE}.Debug basic|Any CPU.Build.0 = Debug basic|Any CPU
		{AAF10B91-98FA-46C0-BB4A-E4018001D3EE}.Debug PRO|Any CPU.ActiveCfg = Debug PRO|Any CPU
		{AAF10B91-98FA-46C0-BB4A-E4018001D3EE}.Debug PRO|Any CPU.Build.0 = Debug PRO|Any CPU
		{AAF10B91-98FA-46C0-BB4A-E4018001D3EE}.Debug|Any CPU.ActiveCfg = Debug|Any CPU
		{AAF10B91-98FA-46C0-BB4A-E4018001D3EE}.Debug|Any CPU.Build.0 = Debug|Any CPU
		{AAF10B91-98FA-46C0-BB4A-E4018001D3EE}.Release Basic 32|Any CPU.ActiveCfg = Release Basic 32|Any CPU
		{AAF10B91-98FA-46C0-BB4A-E4018001D3EE}.Release Basic 32|Any CPU.Build.0 = Release Basic 32|Any CPU
		{AAF10B91-98FA-46C0-BB4A-E4018001D3EE}.Release basic|Any CPU.ActiveCfg = Release basic|Any CPU
		{AAF10B91-98FA-46C0-BB4A-E4018001D3EE}.Release basic|Any CPU.Build.0 = Release basic|Any CPU
		{AAF10B91-98FA-46C0-BB4A-E4018001D3EE}.Release PRO|Any CPU.ActiveCfg = Release PRO|Any CPU
		{AAF10B91-98FA-46C0-BB4A-E4018001D3EE}.Release PRO|Any CPU.Build.0 = Release PRO|Any CPU
		{AAF10B91-98FA-46C0-BB4A-E4018001D3EE}.Release|Any CPU.ActiveCfg = Release|Any CPU
		{AAF10B91-98FA-46C0-BB4A-E4018001D3EE}.Release|Any CPU.Build.0 = Release|Any CPU
		{C944651B-300A-41A2-B76D-DF305E0E2937}.Debug basic|Any CPU.ActiveCfg = Debug|Any CPU
		{C944651B-300A-41A2-B76D-DF305E0E2937}.Debug basic|Any CPU.Build.0 = Debug|Any CPU
		{C944651B-300A-41A2-B76D-DF305E0E2937}.Debug PRO|Any CPU.ActiveCfg = Debug|Any CPU
		{C944651B-300A-41A2-B76D-DF305E0E2937}.Debug PRO|Any CPU.Build.0 = Debug|Any CPU
		{C944651B-300A-41A2-B76D-DF305E0E2937}.Debug|Any CPU.ActiveCfg = Debug|Any CPU
		{C944651B-300A-41A2-B76D-DF305E0E2937}.Debug|Any CPU.Build.0 = Debug|Any CPU
		{C944651B-300A-41A2-B76D-DF305E0E2937}.Release Basic 32|Any CPU.ActiveCfg = Release|Any CPU
		{C944651B-300A-41A2-B76D-DF305E0E2937}.Release Basic 32|Any CPU.Build.0 = Release|Any CPU
		{C944651B-300A-41A2-B76D-DF305E0E2937}.Release basic|Any CPU.ActiveCfg = Release|Any CPU
		{C944651B-300A-41A2-B76D-DF305E0E2937}.Release basic|Any CPU.Build.0 = Release|Any CPU
		{C944651B-300A-41A2-B76D-DF305E0E2937}.Release PRO|Any CPU.ActiveCfg = Release|Any CPU
		{C944651B-300A-41A2-B76D-DF305E0E2937}.Release PRO|Any CPU.Build.0 = Release|Any CPU
		{C944651B-300A-41A2-B76D-DF305E0E2937}.Release|Any CPU.ActiveCfg = Release|Any CPU
		{C944651B-300A-41A2-B76D-DF305E0E2937}.Release|Any CPU.Build.0 = Release|Any CPU
		{27E6A73D-BA6B-4DF5-B93A-010D6FD83157}.Debug basic|Any CPU.ActiveCfg = Debug|Any CPU
		{27E6A73D-BA6B-4DF5-B93A-010D6FD83157}.Debug basic|Any CPU.Build.0 = Debug|Any CPU
		{27E6A73D-BA6B-4DF5-B93A-010D6FD83157}.Debug PRO|Any CPU.ActiveCfg = Debug|Any CPU
		{27E6A73D-BA6B-4DF5-B93A-010D6FD83157}.Debug PRO|Any CPU.Build.0 = Debug|Any CPU
		{27E6A73D-BA6B-4DF5-B93A-010D6FD83157}.Debug|Any CPU.ActiveCfg = Debug|Any CPU
		{27E6A73D-BA6B-4DF5-B93A-010D6FD83157}.Debug|Any CPU.Build.0 = Debug|Any CPU
		{27E6A73D-BA6B-4DF5-B93A-010D6FD83157}.Release Basic 32|Any CPU.ActiveCfg = Release Basic 32|Any CPU
		{27E6A73D-BA6B-4DF5-B93A-010D6FD83157}.Release Basic 32|Any CPU.Build.0 = Release Basic 32|Any CPU
		{27E6A73D-BA6B-4DF5-B93A-010D6FD83157}.Release basic|Any CPU.ActiveCfg = Release Basic 32|Any CPU
		{27E6A73D-BA6B-4DF5-B93A-010D6FD83157}.Release basic|Any CPU.Build.0 = Release Basic 32|Any CPU
		{27E6A73D-BA6B-4DF5-B93A-010D6FD83157}.Release PRO|Any CPU.ActiveCfg = Release Basic 32|Any CPU
		{27E6A73D-BA6B-4DF5-B93A-010D6FD83157}.Release PRO|Any CPU.Build.0 = Release Basic 32|Any CPU
		{27E6A73D-BA6B-4DF5-B93A-010D6FD83157}.Release|Any CPU.ActiveCfg = Release|Any CPU
		{27E6A73D-BA6B-4DF5-B93A-010D6FD83157}.Release|Any CPU.Build.0 = Release|Any CPU
		{8FA7FD26-5535-4573-A273-258678C83DBC}.Debug basic|Any CPU.ActiveCfg = Debug|Any CPU
		{8FA7FD26-5535-4573-A273-258678C83DBC}.Debug basic|Any CPU.Build.0 = Debug|Any CPU
		{8FA7FD26-5535-4573-A273-258678C83DBC}.Debug PRO|Any CPU.ActiveCfg = Debug|Any CPU
		{8FA7FD26-5535-4573-A273-258678C83DBC}.Debug PRO|Any CPU.Build.0 = Debug|Any CPU
		{8FA7FD26-5535-4573-A273-258678C83DBC}.Debug|Any CPU.ActiveCfg = Debug|Any CPU
		{8FA7FD26-5535-4573-A273-258678C83DBC}.Debug|Any CPU.Build.0 = Debug|Any CPU
		{8FA7FD26-5535-4573-A273-258678C83DBC}.Release Basic 32|Any CPU.ActiveCfg = Release|Any CPU
		{8FA7FD26-5535-4573-A273-258678C83DBC}.Release Basic 32|Any CPU.Build.0 = Release|Any CPU
		{8FA7FD26-5535-4573-A273-258678C83DBC}.Release basic|Any CPU.ActiveCfg = Release|Any CPU
		{8FA7FD26-5535-4573-A273-258678C83DBC}.Release basic|Any CPU.Build.0 = Release|Any CPU
		{8FA7FD26-5535-4573-A273-258678C83DBC}.Release PRO|Any CPU.ActiveCfg = Release|Any CPU
		{8FA7FD26-5535-4573-A273-258678C83DBC}.Release PRO|Any CPU.Build.0 = Release|Any CPU
		{8FA7FD26-5535-4573-A273-258678C83DBC}.Release|Any CPU.ActiveCfg = Release|Any CPU
		{8FA7FD26-5535-4573-A273-258678C83DBC}.Release|Any CPU.Build.0 = Release|Any CPU
		{3D466A01-0201-4158-95BA-7C51D2C3A8DC}.Debug basic|Any CPU.ActiveCfg = Debug|Any CPU
		{3D466A01-0201-4158-95BA-7C51D2C3A8DC}.Debug basic|Any CPU.Build.0 = Debug|Any CPU
		{3D466A01-0201-4158-95BA-7C51D2C3A8DC}.Debug PRO|Any CPU.ActiveCfg = Debug|Any CPU
		{3D466A01-0201-4158-95BA-7C51D2C3A8DC}.Debug PRO|Any CPU.Build.0 = Debug|Any CPU
		{3D466A01-0201-4158-95BA-7C51D2C3A8DC}.Debug|Any CPU.ActiveCfg = Debug|Any CPU
		{3D466A01-0201-4158-95BA-7C51D2C3A8DC}.Debug|Any CPU.Build.0 = Debug|Any CPU
		{3D466A01-0201-4158-95BA-7C51D2C3A8DC}.Release Basic 32|Any CPU.ActiveCfg = Release|Any CPU
		{3D466A01-0201-4158-95BA-7C51D2C3A8DC}.Release Basic 32|Any CPU.Build.0 = Release|Any CPU
		{3D466A01-0201-4158-95BA-7C51D2C3A8DC}.Release basic|Any CPU.ActiveCfg = Release|Any CPU
		{3D466A01-0201-4158-95BA-7C51D2C3A8DC}.Release basic|Any CPU.Build.0 = Release|Any CPU
		{3D466A01-0201-4158-95BA-7C51D2C3A8DC}.Release PRO|Any CPU.ActiveCfg = Release|Any CPU
		{3D466A01-0201-4158-95BA-7C51D2C3A8DC}.Release PRO|Any CPU.Build.0 = Release|Any CPU
		{3D466A01-0201-4158-95BA-7C51D2C3A8DC}.Release|Any CPU.ActiveCfg = Release|Any CPU
		{3D466A01-0201-4158-95BA-7C51D2C3A8DC}.Release|Any CPU.Build.0 = Release|Any CPU
		{0C610E2C-ECC2-4551-AC99-10192F08B85A}.Debug basic|Any CPU.ActiveCfg = Debug|Any CPU
		{0C610E2C-ECC2-4551-AC99-10192F08B85A}.Debug basic|Any CPU.Build.0 = Debug|Any CPU
		{0C610E2C-ECC2-4551-AC99-10192F08B85A}.Debug PRO|Any CPU.ActiveCfg = Debug|Any CPU
		{0C610E2C-ECC2-4551-AC99-10192F08B85A}.Debug PRO|Any CPU.Build.0 = Debug|Any CPU
		{0C610E2C-ECC2-4551-AC99-10192F08B85A}.Debug|Any CPU.ActiveCfg = Debug|Any CPU
		{0C610E2C-ECC2-4551-AC99-10192F08B85A}.Debug|Any CPU.Build.0 = Debug|Any CPU
		{0C610E2C-ECC2-4551-AC99-10192F08B85A}.Release Basic 32|Any CPU.ActiveCfg = Release|Any CPU
		{0C610E2C-ECC2-4551-AC99-10192F08B85A}.Release Basic 32|Any CPU.Build.0 = Release|Any CPU
		{0C610E2C-ECC2-4551-AC99-10192F08B85A}.Release basic|Any CPU.ActiveCfg = Release|Any CPU
		{0C610E2C-ECC2-4551-AC99-10192F08B85A}.Release basic|Any CPU.Build.0 = Release|Any CPU
		{0C610E2C-ECC2-4551-AC99-10192F08B85A}.Release PRO|Any CPU.ActiveCfg = Release|Any CPU
		{0C610E2C-ECC2-4551-AC99-10192F08B85A}.Release PRO|Any CPU.Build.0 = Release|Any CPU
		{0C610E2C-ECC2-4551-AC99-10192F08B85A}.Release|Any CPU.ActiveCfg = Release|Any CPU
		{0C610E2C-ECC2-4551-AC99-10192F08B85A}.Release|Any CPU.Build.0 = Release|Any CPU
		{C0BDE6FB-9270-42B9-AD14-6CC3C915D089}.Debug basic|Any CPU.ActiveCfg = Debug|Any CPU
		{C0BDE6FB-9270-42B9-AD14-6CC3C915D089}.Debug basic|Any CPU.Build.0 = Debug|Any CPU
		{C0BDE6FB-9270-42B9-AD14-6CC3C915D089}.Debug PRO|Any CPU.ActiveCfg = Debug|Any CPU
		{C0BDE6FB-9270-42B9-AD14-6CC3C915D089}.Debug PRO|Any CPU.Build.0 = Debug|Any CPU
		{C0BDE6FB-9270-42B9-AD14-6CC3C915D089}.Debug|Any CPU.ActiveCfg = Debug|Any CPU
		{C0BDE6FB-9270-42B9-AD14-6CC3C915D089}.Debug|Any CPU.Build.0 = Debug|Any CPU
		{C0BDE6FB-9270-42B9-AD14-6CC3C915D089}.Release Basic 32|Any CPU.ActiveCfg = Release|Any CPU
		{C0BDE6FB-9270-42B9-AD14-6CC3C915D089}.Release Basic 32|Any CPU.Build.0 = Release|Any CPU
		{C0BDE6FB-9270-42B9-AD14-6CC3C915D089}.Release basic|Any CPU.ActiveCfg = Release|Any CPU
		{C0BDE6FB-9270-42B9-AD14-6CC3C915D089}.Release basic|Any CPU.Build.0 = Release|Any CPU
		{C0BDE6FB-9270-42B9-AD14-6CC3C915D089}.Release PRO|Any CPU.ActiveCfg = Release|Any CPU
		{C0BDE6FB-9270-42B9-AD14-6CC3C915D089}.Release PRO|Any CPU.Build.0 = Release|Any CPU
		{C0BDE6FB-9270-42B9-AD14-6CC3C915D089}.Release|Any CPU.ActiveCfg = Release|Any CPU
		{C0BDE6FB-9270-42B9-AD14-6CC3C915D089}.Release|Any CPU.Build.0 = Release|Any CPU
		{F75AC765-2774-40F6-AA6B-EA538BD68055}.Debug basic|Any CPU.ActiveCfg = Debug basic|Any CPU
		{F75AC765-2774-40F6-AA6B-EA538BD68055}.Debug basic|Any CPU.Build.0 = Debug basic|Any CPU
		{F75AC765-2774-40F6-AA6B-EA538BD68055}.Debug PRO|Any CPU.ActiveCfg = Debug PRO|Any CPU
		{F75AC765-2774-40F6-AA6B-EA538BD68055}.Debug PRO|Any CPU.Build.0 = Debug PRO|Any CPU
		{F75AC765-2774-40F6-AA6B-EA538BD68055}.Debug|Any CPU.ActiveCfg = Debug|Any CPU
		{F75AC765-2774-40F6-AA6B-EA538BD68055}.Debug|Any CPU.Build.0 = Debug|Any CPU
		{F75AC765-2774-40F6-AA6B-EA538BD68055}.Release Basic 32|Any CPU.ActiveCfg = Release Basic 32|Any CPU
		{F75AC765-2774-40F6-AA6B-EA538BD68055}.Release Basic 32|Any CPU.Build.0 = Release Basic 32|Any CPU
		{F75AC765-2774-40F6-AA6B-EA538BD68055}.Release basic|Any CPU.ActiveCfg = Release basic|Any CPU
		{F75AC765-2774-40F6-AA6B-EA538BD68055}.Release basic|Any CPU.Build.0 = Release basic|Any CPU
		{F75AC765-2774-40F6-AA6B-EA538BD68055}.Release PRO|Any CPU.ActiveCfg = Release PRO|Any CPU
		{F75AC765-2774-40F6-AA6B-EA538BD68055}.Release PRO|Any CPU.Build.0 = Release PRO|Any CPU
		{F75AC765-2774-40F6-AA6B-EA538BD68055}.Release|Any CPU.ActiveCfg = Release|Any CPU
		{F75AC765-2774-40F6-AA6B-EA538BD68055}.Release|Any CPU.Build.0 = Release|Any CPU
		{941A6023-577E-498D-83F0-D0DDE573F8D3}.Debug basic|Any CPU.ActiveCfg = Debug basic|Any CPU
		{941A6023-577E-498D-83F0-D0DDE573F8D3}.Debug basic|Any CPU.Build.0 = Debug basic|Any CPU
		{941A6023-577E-498D-83F0-D0DDE573F8D3}.Debug PRO|Any CPU.ActiveCfg = Debug PRO|Any CPU
		{941A6023-577E-498D-83F0-D0DDE573F8D3}.Debug PRO|Any CPU.Build.0 = Debug PRO|Any CPU
		{941A6023-577E-498D-83F0-D0DDE573F8D3}.Debug|Any CPU.ActiveCfg = Debug|Any CPU
		{941A6023-577E-498D-83F0-D0DDE573F8D3}.Debug|Any CPU.Build.0 = Debug|Any CPU
		{941A6023-577E-498D-83F0-D0DDE573F8D3}.Release Basic 32|Any CPU.ActiveCfg = Release Basic 32|Any CPU
		{941A6023-577E-498D-83F0-D0DDE573F8D3}.Release Basic 32|Any CPU.Build.0 = Release Basic 32|Any CPU
		{941A6023-577E-498D-83F0-D0DDE573F8D3}.Release basic|Any CPU.ActiveCfg = Release basic|Any CPU
		{941A6023-577E-498D-83F0-D0DDE573F8D3}.Release basic|Any CPU.Build.0 = Release basic|Any CPU
		{941A6023-577E-498D-83F0-D0DDE573F8D3}.Release PRO|Any CPU.ActiveCfg = Release PRO|Any CPU
		{941A6023-577E-498D-83F0-D0DDE573F8D3}.Release PRO|Any CPU.Build.0 = Release PRO|Any CPU
		{941A6023-577E-498D-83F0-D0DDE573F8D3}.Release|Any CPU.ActiveCfg = Release|Any CPU
		{941A6023-577E-498D-83F0-D0DDE573F8D3}.Release|Any CPU.Build.0 = Release|Any CPU
		{D4BA0CF2-728B-4E7B-90AC-2D6A1124C93A}.Debug basic|Any CPU.ActiveCfg = Debug basic|Any CPU
		{D4BA0CF2-728B-4E7B-90AC-2D6A1124C93A}.Debug basic|Any CPU.Build.0 = Debug basic|Any CPU
		{D4BA0CF2-728B-4E7B-90AC-2D6A1124C93A}.Debug PRO|Any CPU.ActiveCfg = Debug PRO|Any CPU
		{D4BA0CF2-728B-4E7B-90AC-2D6A1124C93A}.Debug PRO|Any CPU.Build.0 = Debug PRO|Any CPU
		{D4BA0CF2-728B-4E7B-90AC-2D6A1124C93A}.Debug|Any CPU.ActiveCfg = Debug|Any CPU
		{D4BA0CF2-728B-4E7B-90AC-2D6A1124C93A}.Debug|Any CPU.Build.0 = Debug|Any CPU
		{D4BA0CF2-728B-4E7B-90AC-2D6A1124C93A}.Release Basic 32|Any CPU.ActiveCfg = Release Basic 32|Any CPU
		{D4BA0CF2-728B-4E7B-90AC-2D6A1124C93A}.Release Basic 32|Any CPU.Build.0 = Release Basic 32|Any CPU
		{D4BA0CF2-728B-4E7B-90AC-2D6A1124C93A}.Release basic|Any CPU.ActiveCfg = Release basic|Any CPU
		{D4BA0CF2-728B-4E7B-90AC-2D6A1124C93A}.Release basic|Any CPU.Build.0 = Release basic|Any CPU
		{D4BA0CF2-728B-4E7B-90AC-2D6A1124C93A}.Release PRO|Any CPU.ActiveCfg = Release PRO|Any CPU
		{D4BA0CF2-728B-4E7B-90AC-2D6A1124C93A}.Release PRO|Any CPU.Build.0 = Release PRO|Any CPU
		{D4BA0CF2-728B-4E7B-90AC-2D6A1124C93A}.Release|Any CPU.ActiveCfg = Release|Any CPU
		{D4BA0CF2-728B-4E7B-90AC-2D6A1124C93A}.Release|Any CPU.Build.0 = Release|Any CPU
		{3D0BBA78-D761-4BEE-AF0D-3EF9CA415D0D}.Debug basic|Any CPU.ActiveCfg = Debug|Any CPU
		{3D0BBA78-D761-4BEE-AF0D-3EF9CA415D0D}.Debug basic|Any CPU.Build.0 = Debug|Any CPU
		{3D0BBA78-D761-4BEE-AF0D-3EF9CA415D0D}.Debug PRO|Any CPU.ActiveCfg = Debug|Any CPU
		{3D0BBA78-D761-4BEE-AF0D-3EF9CA415D0D}.Debug PRO|Any CPU.Build.0 = Debug|Any CPU
		{3D0BBA78-D761-4BEE-AF0D-3EF9CA415D0D}.Debug|Any CPU.ActiveCfg = Debug|Any CPU
		{3D0BBA78-D761-4BEE-AF0D-3EF9CA415D0D}.Debug|Any CPU.Build.0 = Debug|Any CPU
		{3D0BBA78-D761-4BEE-AF0D-3EF9CA415D0D}.Release Basic 32|Any CPU.ActiveCfg = Release|Any CPU
		{3D0BBA78-D761-4BEE-AF0D-3EF9CA415D0D}.Release Basic 32|Any CPU.Build.0 = Release|Any CPU
		{3D0BBA78-D761-4BEE-AF0D-3EF9CA415D0D}.Release basic|Any CPU.ActiveCfg = Release|Any CPU
		{3D0BBA78-D761-4BEE-AF0D-3EF9CA415D0D}.Release basic|Any CPU.Build.0 = Release|Any CPU
		{3D0BBA78-D761-4BEE-AF0D-3EF9CA415D0D}.Release PRO|Any CPU.ActiveCfg = Release|Any CPU
		{3D0BBA78-D761-4BEE-AF0D-3EF9CA415D0D}.Release PRO|Any CPU.Build.0 = Release|Any CPU
		{3D0BBA78-D761-4BEE-AF0D-3EF9CA415D0D}.Release|Any CPU.ActiveCfg = Release|Any CPU
		{3D0BBA78-D761-4BEE-AF0D-3EF9CA415D0D}.Release|Any CPU.Build.0 = Release|Any CPU
		{E1E1AF42-6899-422D-9201-32BEB3C377AE}.Debug basic|Any CPU.ActiveCfg = Debug|Any CPU
		{E1E1AF42-6899-422D-9201-32BEB3C377AE}.Debug basic|Any CPU.Build.0 = Debug|Any CPU
		{E1E1AF42-6899-422D-9201-32BEB3C377AE}.Debug PRO|Any CPU.ActiveCfg = Debug|Any CPU
		{E1E1AF42-6899-422D-9201-32BEB3C377AE}.Debug PRO|Any CPU.Build.0 = Debug|Any CPU
		{E1E1AF42-6899-422D-9201-32BEB3C377AE}.Debug|Any CPU.ActiveCfg = Debug|Any CPU
		{E1E1AF42-6899-422D-9201-32BEB3C377AE}.Debug|Any CPU.Build.0 = Debug|Any CPU
		{E1E1AF42-6899-422D-9201-32BEB3C377AE}.Release Basic 32|Any CPU.ActiveCfg = Release|Any CPU
		{E1E1AF42-6899-422D-9201-32BEB3C377AE}.Release Basic 32|Any CPU.Build.0 = Release|Any CPU
		{E1E1AF42-6899-422D-9201-32BEB3C377AE}.Release basic|Any CPU.ActiveCfg = Release|Any CPU
		{E1E1AF42-6899-422D-9201-32BEB3C377AE}.Release basic|Any CPU.Build.0 = Release|Any CPU
		{E1E1AF42-6899-422D-9201-32BEB3C377AE}.Release PRO|Any CPU.ActiveCfg = Release|Any CPU
		{E1E1AF42-6899-422D-9201-32BEB3C377AE}.Release PRO|Any CPU.Build.0 = Release|Any CPU
		{E1E1AF42-6899-422D-9201-32BEB3C377AE}.Release|Any CPU.ActiveCfg = Release|Any CPU
		{E1E1AF42-6899-422D-9201-32BEB3C377AE}.Release|Any CPU.Build.0 = Release|Any CPU
		{EAE0D6EA-366D-45EA-9650-EA3943F345C7}.Debug basic|Any CPU.ActiveCfg = Debug|Any CPU
		{EAE0D6EA-366D-45EA-9650-EA3943F345C7}.Debug basic|Any CPU.Build.0 = Debug|Any CPU
		{EAE0D6EA-366D-45EA-9650-EA3943F345C7}.Debug PRO|Any CPU.ActiveCfg = Debug|Any CPU
		{EAE0D6EA-366D-45EA-9650-EA3943F345C7}.Debug PRO|Any CPU.Build.0 = Debug|Any CPU
		{EAE0D6EA-366D-45EA-9650-EA3943F345C7}.Debug|Any CPU.ActiveCfg = Debug|Any CPU
		{EAE0D6EA-366D-45EA-9650-EA3943F345C7}.Debug|Any CPU.Build.0 = Debug|Any CPU
		{EAE0D6EA-366D-45EA-9650-EA3943F345C7}.Release Basic 32|Any CPU.ActiveCfg = Release|Any CPU
		{EAE0D6EA-366D-45EA-9650-EA3943F345C7}.Release Basic 32|Any CPU.Build.0 = Release|Any CPU
		{EAE0D6EA-366D-45EA-9650-EA3943F345C7}.Release basic|Any CPU.ActiveCfg = Release|Any CPU
		{EAE0D6EA-366D-45EA-9650-EA3943F345C7}.Release basic|Any CPU.Build.0 = Release|Any CPU
		{EAE0D6EA-366D-45EA-9650-EA3943F345C7}.Release PRO|Any CPU.ActiveCfg = Release|Any CPU
		{EAE0D6EA-366D-45EA-9650-EA3943F345C7}.Release PRO|Any CPU.Build.0 = Release|Any CPU
		{EAE0D6EA-366D-45EA-9650-EA3943F345C7}.Release|Any CPU.ActiveCfg = Release|Any CPU
		{EAE0D6EA-366D-45EA-9650-EA3943F345C7}.Release|Any CPU.Build.0 = Release|Any CPU
		{92FC1240-72C9-4C1F-9805-BC8A5A233FD3}.Debug basic|Any CPU.ActiveCfg = Debug|Any CPU
		{92FC1240-72C9-4C1F-9805-BC8A5A233FD3}.Debug basic|Any CPU.Build.0 = Debug|Any CPU
		{92FC1240-72C9-4C1F-9805-BC8A5A233FD3}.Debug PRO|Any CPU.ActiveCfg = Debug|Any CPU
		{92FC1240-72C9-4C1F-9805-BC8A5A233FD3}.Debug PRO|Any CPU.Build.0 = Debug|Any CPU
		{92FC1240-72C9-4C1F-9805-BC8A5A233FD3}.Debug|Any CPU.ActiveCfg = Debug|Any CPU
		{92FC1240-72C9-4C1F-9805-BC8A5A233FD3}.Debug|Any CPU.Build.0 = Debug|Any CPU
		{92FC1240-72C9-4C1F-9805-BC8A5A233FD3}.Release Basic 32|Any CPU.ActiveCfg = Release|Any CPU
		{92FC1240-72C9-4C1F-9805-BC8A5A233FD3}.Release Basic 32|Any CPU.Build.0 = Release|Any CPU
		{92FC1240-72C9-4C1F-9805-BC8A5A233FD3}.Release basic|Any CPU.ActiveCfg = Release|Any CPU
		{92FC1240-72C9-4C1F-9805-BC8A5A233FD3}.Release basic|Any CPU.Build.0 = Release|Any CPU
		{92FC1240-72C9-4C1F-9805-BC8A5A233FD3}.Release PRO|Any CPU.ActiveCfg = Release|Any CPU
		{92FC1240-72C9-4C1F-9805-BC8A5A233FD3}.Release PRO|Any CPU.Build.0 = Release|Any CPU
		{92FC1240-72C9-4C1F-9805-BC8A5A233FD3}.Release|Any CPU.ActiveCfg = Release|Any CPU
		{92FC1240-72C9-4C1F-9805-BC8A5A233FD3}.Release|Any CPU.Build.0 = Release|Any CPU
		{1CF95AF0-3CDD-4072-B1F6-059AA154B48C}.Debug basic|Any CPU.ActiveCfg = Debug|Any CPU
		{1CF95AF0-3CDD-4072-B1F6-059AA154B48C}.Debug basic|Any CPU.Build.0 = Debug|Any CPU
		{1CF95AF0-3CDD-4072-B1F6-059AA154B48C}.Debug PRO|Any CPU.ActiveCfg = Debug|Any CPU
		{1CF95AF0-3CDD-4072-B1F6-059AA154B48C}.Debug PRO|Any CPU.Build.0 = Debug|Any CPU
		{1CF95AF0-3CDD-4072-B1F6-059AA154B48C}.Debug|Any CPU.ActiveCfg = Debug|Any CPU
		{1CF95AF0-3CDD-4072-B1F6-059AA154B48C}.Debug|Any CPU.Build.0 = Debug|Any CPU
		{1CF95AF0-3CDD-4072-B1F6-059AA154B48C}.Release Basic 32|Any CPU.ActiveCfg = Release|Any CPU
		{1CF95AF0-3CDD-4072-B1F6-059AA154B48C}.Release Basic 32|Any CPU.Build.0 = Release|Any CPU
		{1CF95AF0-3CDD-4072-B1F6-059AA154B48C}.Release basic|Any CPU.ActiveCfg = Release|Any CPU
		{1CF95AF0-3CDD-4072-B1F6-059AA154B48C}.Release basic|Any CPU.Build.0 = Release|Any CPU
		{1CF95AF0-3CDD-4072-B1F6-059AA154B48C}.Release PRO|Any CPU.ActiveCfg = Release|Any CPU
		{1CF95AF0-3CDD-4072-B1F6-059AA154B48C}.Release PRO|Any CPU.Build.0 = Release|Any CPU
		{1CF95AF0-3CDD-4072-B1F6-059AA154B48C}.Release|Any CPU.ActiveCfg = Release|Any CPU
		{1CF95AF0-3CDD-4072-B1F6-059AA154B48C}.Release|Any CPU.Build.0 = Release|Any CPU
		{A9FBF87C-7126-473B-88FE-A8368A3D45D1}.Debug basic|Any CPU.ActiveCfg = Debug|Any CPU
		{A9FBF87C-7126-473B-88FE-A8368A3D45D1}.Debug basic|Any CPU.Build.0 = Debug|Any CPU
		{A9FBF87C-7126-473B-88FE-A8368A3D45D1}.Debug PRO|Any CPU.ActiveCfg = Debug|Any CPU
		{A9FBF87C-7126-473B-88FE-A8368A3D45D1}.Debug PRO|Any CPU.Build.0 = Debug|Any CPU
		{A9FBF87C-7126-473B-88FE-A8368A3D45D1}.Debug|Any CPU.ActiveCfg = Debug|Any CPU
		{A9FBF87C-7126-473B-88FE-A8368A3D45D1}.Debug|Any CPU.Build.0 = Debug|Any CPU
		{A9FBF87C-7126-473B-88FE-A8368A3D45D1}.Release Basic 32|Any CPU.ActiveCfg = Release|Any CPU
		{A9FBF87C-7126-473B-88FE-A8368A3D45D1}.Release Basic 32|Any CPU.Build.0 = Release|Any CPU
		{A9FBF87C-7126-473B-88FE-A8368A3D45D1}.Release basic|Any CPU.ActiveCfg = Release|Any CPU
		{A9FBF87C-7126-473B-88FE-A8368A3D45D1}.Release basic|Any CPU.Build.0 = Release|Any CPU
		{A9FBF87C-7126-473B-88FE-A8368A3D45D1}.Release PRO|Any CPU.ActiveCfg = Release|Any CPU
		{A9FBF87C-7126-473B-88FE-A8368A3D45D1}.Release PRO|Any CPU.Build.0 = Release|Any CPU
		{A9FBF87C-7126-473B-88FE-A8368A3D45D1}.Release|Any CPU.ActiveCfg = Release|Any CPU
		{A9FBF87C-7126-473B-88FE-A8368A3D45D1}.Release|Any CPU.Build.0 = Release|Any CPU
	EndGlobalSection
	GlobalSection(SolutionProperties) = preSolution
		HideSolutionNode = FALSE
	EndGlobalSection
EndGlobal
